PODS:
  - ReachabilitySwift (5.0.0)

DEPENDENCIES:
  - ReachabilitySwift

SPEC REPOS:
  https://github.com/cocoapods/specs.git:
    - ReachabilitySwift

SPEC CHECKSUMS:
  ReachabilitySwift: 985039c6f7b23a1da463388634119492ff86c825

PODFILE CHECKSUM: 3383635159c91d3d3187f366baee8799926904e7

COCOAPODS: 1.7.5
